// !$*UTF8*$!
{
	archiveVersion = 1;
	classes = {
	};
	objectVersion = 46;
	objects = {

/* Begin PBXBuildFile section */
		445AC6381DD522BF00A20A2E /* AppDelegate.swift in Sources */ = {isa = PBXBuildFile; fileRef = 445AC6371DD522BF00A20A2E /* AppDelegate.swift */; };
		445AC63D1DD522BF00A20A2E /* Main.storyboard in Resources */ = {isa = PBXBuildFile; fileRef = 445AC63B1DD522BF00A20A2E /* Main.storyboard */; };
		445AC6401DD522BF00A20A2E /* OneMillionSteps.xcdatamodeld in Sources */ = {isa = PBXBuildFile; fileRef = 445AC63E1DD522BF00A20A2E /* OneMillionSteps.xcdatamodeld */; };
		445AC6421DD522BF00A20A2E /* Assets.xcassets in Resources */ = {isa = PBXBuildFile; fileRef = 445AC6411DD522BF00A20A2E /* Assets.xcassets */; };
		445AC6451DD522BF00A20A2E /* LaunchScreen.storyboard in Resources */ = {isa = PBXBuildFile; fileRef = 445AC6431DD522BF00A20A2E /* LaunchScreen.storyboard */; };
		445AC6501DD522BF00A20A2E /* OneMillionStepsTests.swift in Sources */ = {isa = PBXBuildFile; fileRef = 445AC64F1DD522BF00A20A2E /* OneMillionStepsTests.swift */; };
		44AA8FBB1DECC07F00358068 /* UserRegistration.storyboard in Resources */ = {isa = PBXBuildFile; fileRef = 44AA8FB91DECC07F00358068 /* UserRegistration.storyboard */; };
		44AA8FCC1DEF08A700358068 /* BluetoothManager.swift in Sources */ = {isa = PBXBuildFile; fileRef = 44AA8FC91DEF08A700358068 /* BluetoothManager.swift */; };
		44AA8FCD1DEF08A700358068 /* Packet.swift in Sources */ = {isa = PBXBuildFile; fileRef = 44AA8FCA1DEF08A700358068 /* Packet.swift */; };
		44AA8FCE1DEF08A700358068 /* User.swift in Sources */ = {isa = PBXBuildFile; fileRef = 44AA8FCB1DEF08A700358068 /* User.swift */; };
		44AA8FD21DEF08B100358068 /* LoginViewController.swift in Sources */ = {isa = PBXBuildFile; fileRef = 44AA8FD01DEF08B100358068 /* LoginViewController.swift */; };
		44AA8FD31DEF08B100358068 /* PairDeviceViewController.swift in Sources */ = {isa = PBXBuildFile; fileRef = 44AA8FD11DEF08B100358068 /* PairDeviceViewController.swift */; };
		44AA8FD51DEF08CB00358068 /* EnterUserDetailsViewController.swift in Sources */ = {isa = PBXBuildFile; fileRef = 44AA8FD41DEF08CB00358068 /* EnterUserDetailsViewController.swift */; };
		44AA8FD81DEF08E400358068 /* LoginViewModel.swift in Sources */ = {isa = PBXBuildFile; fileRef = 44AA8FD71DEF08E400358068 /* LoginViewModel.swift */; };
		44ECDC6E1DDA4BED0067E71F /* Contents.json in Resources */ = {isa = PBXBuildFile; fileRef = 44ECDC5A1DDA4BED0067E71F /* Contents.json */; };
		44ECDC6F1DDA4BED0067E71F /* Icon-App-20x20@1x.png in Resources */ = {isa = PBXBuildFile; fileRef = 44ECDC5B1DDA4BED0067E71F /* Icon-App-20x20@1x.png */; };
		44ECDC701DDA4BED0067E71F /* Icon-App-20x20@2x.png in Resources */ = {isa = PBXBuildFile; fileRef = 44ECDC5C1DDA4BED0067E71F /* Icon-App-20x20@2x.png */; };
		44ECDC711DDA4BED0067E71F /* Icon-App-20x20@3x.png in Resources */ = {isa = PBXBuildFile; fileRef = 44ECDC5D1DDA4BED0067E71F /* Icon-App-20x20@3x.png */; };
		44ECDC721DDA4BED0067E71F /* Icon-App-29x29@1x.png in Resources */ = {isa = PBXBuildFile; fileRef = 44ECDC5E1DDA4BED0067E71F /* Icon-App-29x29@1x.png */; };
		44ECDC731DDA4BED0067E71F /* Icon-App-29x29@2x.png in Resources */ = {isa = PBXBuildFile; fileRef = 44ECDC5F1DDA4BED0067E71F /* Icon-App-29x29@2x.png */; };
		44ECDC741DDA4BED0067E71F /* Icon-App-29x29@3x.png in Resources */ = {isa = PBXBuildFile; fileRef = 44ECDC601DDA4BED0067E71F /* Icon-App-29x29@3x.png */; };
		44ECDC751DDA4BED0067E71F /* Icon-App-40x40@1x.png in Resources */ = {isa = PBXBuildFile; fileRef = 44ECDC611DDA4BED0067E71F /* Icon-App-40x40@1x.png */; };
		44ECDC761DDA4BED0067E71F /* Icon-App-40x40@2x.png in Resources */ = {isa = PBXBuildFile; fileRef = 44ECDC621DDA4BED0067E71F /* Icon-App-40x40@2x.png */; };
		44ECDC771DDA4BED0067E71F /* Icon-App-40x40@3x.png in Resources */ = {isa = PBXBuildFile; fileRef = 44ECDC631DDA4BED0067E71F /* Icon-App-40x40@3x.png */; };
		44ECDC781DDA4BED0067E71F /* Icon-App-57x57@1x.png in Resources */ = {isa = PBXBuildFile; fileRef = 44ECDC641DDA4BED0067E71F /* Icon-App-57x57@1x.png */; };
		44ECDC791DDA4BED0067E71F /* Icon-App-57x57@2x.png in Resources */ = {isa = PBXBuildFile; fileRef = 44ECDC651DDA4BED0067E71F /* Icon-App-57x57@2x.png */; };
		44ECDC7C1DDA4BED0067E71F /* Icon-App-60x60@2x.png in Resources */ = {isa = PBXBuildFile; fileRef = 44ECDC681DDA4BED0067E71F /* Icon-App-60x60@2x.png */; };
		44ECDC7D1DDA4BED0067E71F /* Icon-App-60x60@3x.png in Resources */ = {isa = PBXBuildFile; fileRef = 44ECDC691DDA4BED0067E71F /* Icon-App-60x60@3x.png */; };
		44ECDC7E1DDA4BED0067E71F /* Icon-App-76x76@1x.png in Resources */ = {isa = PBXBuildFile; fileRef = 44ECDC6A1DDA4BED0067E71F /* Icon-App-76x76@1x.png */; };
		44ECDC7F1DDA4BED0067E71F /* Icon-App-76x76@2x.png in Resources */ = {isa = PBXBuildFile; fileRef = 44ECDC6B1DDA4BED0067E71F /* Icon-App-76x76@2x.png */; };
		44ECDC811DDA4BED0067E71F /* Icon-App-83.5x83.5@2x.png in Resources */ = {isa = PBXBuildFile; fileRef = 44ECDC6D1DDA4BED0067E71F /* Icon-App-83.5x83.5@2x.png */; };
		8CD00FBE99674A4A9F01EBC4 /* Pods_OneMillionSteps.framework in Frameworks */ = {isa = PBXBuildFile; fileRef = E0FEA32D3DA52953623B7B8C /* Pods_OneMillionSteps.framework */; };
/* End PBXBuildFile section */

/* Begin PBXContainerItemProxy section */
		445AC64C1DD522BF00A20A2E /* PBXContainerItemProxy */ = {
			isa = PBXContainerItemProxy;
			containerPortal = 445AC62C1DD522BF00A20A2E /* Project object */;
			proxyType = 1;
			remoteGlobalIDString = 445AC6331DD522BF00A20A2E;
			remoteInfo = OneMillionSteps;
		};
/* End PBXContainerItemProxy section */

/* Begin PBXFileReference section */
		3639616298843783C744A01F /* Pods_OneMillionStepsTests.framework */ = {isa = PBXFileReference; explicitFileType = wrapper.framework; includeInIndex = 0; path = Pods_OneMillionStepsTests.framework; sourceTree = BUILT_PRODUCTS_DIR; };
		445AC6341DD522BF00A20A2E /* OneMillionSteps.app */ = {isa = PBXFileReference; explicitFileType = wrapper.application; includeInIndex = 0; path = OneMillionSteps.app; sourceTree = BUILT_PRODUCTS_DIR; };
		445AC6371DD522BF00A20A2E /* AppDelegate.swift */ = {isa = PBXFileReference; lastKnownFileType = sourcecode.swift; path = AppDelegate.swift; sourceTree = "<group>"; };
		445AC63C1DD522BF00A20A2E /* Base */ = {isa = PBXFileReference; lastKnownFileType = file.storyboard; name = Base; path = Base.lproj/Main.storyboard; sourceTree = "<group>"; };
		445AC63F1DD522BF00A20A2E /* OneMillionSteps.xcdatamodel */ = {isa = PBXFileReference; lastKnownFileType = wrapper.xcdatamodel; path = OneMillionSteps.xcdatamodel; sourceTree = "<group>"; };
		445AC6411DD522BF00A20A2E /* Assets.xcassets */ = {isa = PBXFileReference; lastKnownFileType = folder.assetcatalog; path = Assets.xcassets; sourceTree = "<group>"; };
		445AC6441DD522BF00A20A2E /* Base */ = {isa = PBXFileReference; lastKnownFileType = file.storyboard; name = Base; path = Base.lproj/LaunchScreen.storyboard; sourceTree = "<group>"; };
		445AC6461DD522BF00A20A2E /* Info.plist */ = {isa = PBXFileReference; lastKnownFileType = text.plist.xml; path = Info.plist; sourceTree = "<group>"; };
		445AC64B1DD522BF00A20A2E /* OneMillionStepsTests.xctest */ = {isa = PBXFileReference; explicitFileType = wrapper.cfbundle; includeInIndex = 0; path = OneMillionStepsTests.xctest; sourceTree = BUILT_PRODUCTS_DIR; };
		445AC64F1DD522BF00A20A2E /* OneMillionStepsTests.swift */ = {isa = PBXFileReference; lastKnownFileType = sourcecode.swift; path = OneMillionStepsTests.swift; sourceTree = "<group>"; };
		445AC6511DD522BF00A20A2E /* Info.plist */ = {isa = PBXFileReference; lastKnownFileType = text.plist.xml; path = Info.plist; sourceTree = "<group>"; };
		44AA8FBA1DECC07F00358068 /* Base */ = {isa = PBXFileReference; lastKnownFileType = file.storyboard; name = Base; path = Base.lproj/UserRegistration.storyboard; sourceTree = "<group>"; };
		44AA8FC91DEF08A700358068 /* BluetoothManager.swift */ = {isa = PBXFileReference; fileEncoding = 4; lastKnownFileType = sourcecode.swift; path = BluetoothManager.swift; sourceTree = "<group>"; };
		44AA8FCA1DEF08A700358068 /* Packet.swift */ = {isa = PBXFileReference; fileEncoding = 4; lastKnownFileType = sourcecode.swift; path = Packet.swift; sourceTree = "<group>"; };
		44AA8FCB1DEF08A700358068 /* User.swift */ = {isa = PBXFileReference; fileEncoding = 4; lastKnownFileType = sourcecode.swift; path = User.swift; sourceTree = "<group>"; };
		44AA8FD01DEF08B100358068 /* LoginViewController.swift */ = {isa = PBXFileReference; fileEncoding = 4; lastKnownFileType = sourcecode.swift; path = LoginViewController.swift; sourceTree = "<group>"; };
		44AA8FD11DEF08B100358068 /* PairDeviceViewController.swift */ = {isa = PBXFileReference; fileEncoding = 4; lastKnownFileType = sourcecode.swift; path = PairDeviceViewController.swift; sourceTree = "<group>"; };
		44AA8FD41DEF08CB00358068 /* EnterUserDetailsViewController.swift */ = {isa = PBXFileReference; fileEncoding = 4; lastKnownFileType = sourcecode.swift; path = EnterUserDetailsViewController.swift; sourceTree = "<group>"; };
		44AA8FD71DEF08E400358068 /* LoginViewModel.swift */ = {isa = PBXFileReference; fileEncoding = 4; lastKnownFileType = sourcecode.swift; path = LoginViewModel.swift; sourceTree = "<group>"; };
		44ECDC5A1DDA4BED0067E71F /* Contents.json */ = {isa = PBXFileReference; fileEncoding = 4; lastKnownFileType = text.json; path = Contents.json; sourceTree = "<group>"; };
		44ECDC5B1DDA4BED0067E71F /* Icon-App-20x20@1x.png */ = {isa = PBXFileReference; lastKnownFileType = image.png; path = "Icon-App-20x20@1x.png"; sourceTree = "<group>"; };
		44ECDC5C1DDA4BED0067E71F /* Icon-App-20x20@2x.png */ = {isa = PBXFileReference; lastKnownFileType = image.png; path = "Icon-App-20x20@2x.png"; sourceTree = "<group>"; };
		44ECDC5D1DDA4BED0067E71F /* Icon-App-20x20@3x.png */ = {isa = PBXFileReference; lastKnownFileType = image.png; path = "Icon-App-20x20@3x.png"; sourceTree = "<group>"; };
		44ECDC5E1DDA4BED0067E71F /* Icon-App-29x29@1x.png */ = {isa = PBXFileReference; lastKnownFileType = image.png; path = "Icon-App-29x29@1x.png"; sourceTree = "<group>"; };
		44ECDC5F1DDA4BED0067E71F /* Icon-App-29x29@2x.png */ = {isa = PBXFileReference; lastKnownFileType = image.png; path = "Icon-App-29x29@2x.png"; sourceTree = "<group>"; };
		44ECDC601DDA4BED0067E71F /* Icon-App-29x29@3x.png */ = {isa = PBXFileReference; lastKnownFileType = image.png; path = "Icon-App-29x29@3x.png"; sourceTree = "<group>"; };
		44ECDC611DDA4BED0067E71F /* Icon-App-40x40@1x.png */ = {isa = PBXFileReference; lastKnownFileType = image.png; path = "Icon-App-40x40@1x.png"; sourceTree = "<group>"; };
		44ECDC621DDA4BED0067E71F /* Icon-App-40x40@2x.png */ = {isa = PBXFileReference; lastKnownFileType = image.png; path = "Icon-App-40x40@2x.png"; sourceTree = "<group>"; };
		44ECDC631DDA4BED0067E71F /* Icon-App-40x40@3x.png */ = {isa = PBXFileReference; lastKnownFileType = image.png; path = "Icon-App-40x40@3x.png"; sourceTree = "<group>"; };
		44ECDC641DDA4BED0067E71F /* Icon-App-57x57@1x.png */ = {isa = PBXFileReference; lastKnownFileType = image.png; path = "Icon-App-57x57@1x.png"; sourceTree = "<group>"; };
		44ECDC651DDA4BED0067E71F /* Icon-App-57x57@2x.png */ = {isa = PBXFileReference; lastKnownFileType = image.png; path = "Icon-App-57x57@2x.png"; sourceTree = "<group>"; };
		44ECDC681DDA4BED0067E71F /* Icon-App-60x60@2x.png */ = {isa = PBXFileReference; lastKnownFileType = image.png; path = "Icon-App-60x60@2x.png"; sourceTree = "<group>"; };
		44ECDC691DDA4BED0067E71F /* Icon-App-60x60@3x.png */ = {isa = PBXFileReference; lastKnownFileType = image.png; path = "Icon-App-60x60@3x.png"; sourceTree = "<group>"; };
		44ECDC6A1DDA4BED0067E71F /* Icon-App-76x76@1x.png */ = {isa = PBXFileReference; lastKnownFileType = image.png; path = "Icon-App-76x76@1x.png"; sourceTree = "<group>"; };
		44ECDC6B1DDA4BED0067E71F /* Icon-App-76x76@2x.png */ = {isa = PBXFileReference; lastKnownFileType = image.png; path = "Icon-App-76x76@2x.png"; sourceTree = "<group>"; };
		44ECDC6D1DDA4BED0067E71F /* Icon-App-83.5x83.5@2x.png */ = {isa = PBXFileReference; lastKnownFileType = image.png; path = "Icon-App-83.5x83.5@2x.png"; sourceTree = "<group>"; };
		4862AFC784B0656AC37A9E97 /* Pods-OneMillionSteps.debug.xcconfig */ = {isa = PBXFileReference; includeInIndex = 1; lastKnownFileType = text.xcconfig; name = "Pods-OneMillionSteps.debug.xcconfig"; path = "Pods/Target Support Files/Pods-OneMillionSteps/Pods-OneMillionSteps.debug.xcconfig"; sourceTree = "<group>"; };
		D319DDFFB4385D3FD72CDCE4 /* Pods-OneMillionSteps.release.xcconfig */ = {isa = PBXFileReference; includeInIndex = 1; lastKnownFileType = text.xcconfig; name = "Pods-OneMillionSteps.release.xcconfig"; path = "Pods/Target Support Files/Pods-OneMillionSteps/Pods-OneMillionSteps.release.xcconfig"; sourceTree = "<group>"; };
		E0FEA32D3DA52953623B7B8C /* Pods_OneMillionSteps.framework */ = {isa = PBXFileReference; explicitFileType = wrapper.framework; includeInIndex = 0; path = Pods_OneMillionSteps.framework; sourceTree = BUILT_PRODUCTS_DIR; };
/* End PBXFileReference section */

/* Begin PBXFrameworksBuildPhase section */
		445AC6311DD522BF00A20A2E /* Frameworks */ = {
			isa = PBXFrameworksBuildPhase;
			buildActionMask = 2147483647;
			files = (
				8CD00FBE99674A4A9F01EBC4 /* Pods_OneMillionSteps.framework in Frameworks */,
			);
			runOnlyForDeploymentPostprocessing = 0;
		};
		445AC6481DD522BF00A20A2E /* Frameworks */ = {
			isa = PBXFrameworksBuildPhase;
			buildActionMask = 2147483647;
			files = (
			);
			runOnlyForDeploymentPostprocessing = 0;
		};
/* End PBXFrameworksBuildPhase section */

/* Begin PBXGroup section */
		01543B08DA28ED06DFDB8CD6 /* Frameworks */ = {
			isa = PBXGroup;
			children = (
				3639616298843783C744A01F /* Pods_OneMillionStepsTests.framework */,
				E0FEA32D3DA52953623B7B8C /* Pods_OneMillionSteps.framework */,
			);
			name = Frameworks;
			sourceTree = "<group>";
		};
		14AC3BA0B88E8368254C5802 /* Pods */ = {
			isa = PBXGroup;
			children = (
				4862AFC784B0656AC37A9E97 /* Pods-OneMillionSteps.debug.xcconfig */,
				D319DDFFB4385D3FD72CDCE4 /* Pods-OneMillionSteps.release.xcconfig */,
			);
			name = Pods;
			sourceTree = "<group>";
		};
		445AC62B1DD522BF00A20A2E = {
			isa = PBXGroup;
			children = (
				445AC6361DD522BF00A20A2E /* OneMillionSteps */,
				445AC64E1DD522BF00A20A2E /* OneMillionStepsTests */,
				445AC6351DD522BF00A20A2E /* Products */,
				14AC3BA0B88E8368254C5802 /* Pods */,
				01543B08DA28ED06DFDB8CD6 /* Frameworks */,
			);
			sourceTree = "<group>";
		};
		445AC6351DD522BF00A20A2E /* Products */ = {
			isa = PBXGroup;
			children = (
				445AC6341DD522BF00A20A2E /* OneMillionSteps.app */,
				445AC64B1DD522BF00A20A2E /* OneMillionStepsTests.xctest */,
			);
			name = Products;
			sourceTree = "<group>";
		};
		445AC6361DD522BF00A20A2E /* OneMillionSteps */ = {
			isa = PBXGroup;
			children = (
				44AA8FD61DEF08E400358068 /* ViewModel */,
				44AA8FCF1DEF08B100358068 /* ViewController */,
				44AA8FC81DEF08A700358068 /* Classes */,
				445AC6371DD522BF00A20A2E /* AppDelegate.swift */,
				445AC6411DD522BF00A20A2E /* Assets.xcassets */,
				445AC63B1DD522BF00A20A2E /* Main.storyboard */,
				445AC6431DD522BF00A20A2E /* LaunchScreen.storyboard */,
				44AA8FB91DECC07F00358068 /* UserRegistration.storyboard */,
				445AC6461DD522BF00A20A2E /* Info.plist */,
				445AC63E1DD522BF00A20A2E /* OneMillionSteps.xcdatamodeld */,
				44ECDC591DDA4BED0067E71F /* AppIcon.appiconset */,
			);
			path = OneMillionSteps;
			sourceTree = "<group>";
		};
		445AC64E1DD522BF00A20A2E /* OneMillionStepsTests */ = {
			isa = PBXGroup;
			children = (
				445AC64F1DD522BF00A20A2E /* OneMillionStepsTests.swift */,
				445AC6511DD522BF00A20A2E /* Info.plist */,
			);
			path = OneMillionStepsTests;
			sourceTree = "<group>";
		};
		44AA8FC81DEF08A700358068 /* Classes */ = {
			isa = PBXGroup;
			children = (
				44AA8FC91DEF08A700358068 /* BluetoothManager.swift */,
				44AA8FCA1DEF08A700358068 /* Packet.swift */,
				44AA8FCB1DEF08A700358068 /* User.swift */,
			);
			path = Classes;
			sourceTree = "<group>";
		};
		44AA8FCF1DEF08B100358068 /* ViewController */ = {
			isa = PBXGroup;
			children = (
				44AA8FD01DEF08B100358068 /* LoginViewController.swift */,
				44AA8FD11DEF08B100358068 /* PairDeviceViewController.swift */,
				44AA8FD41DEF08CB00358068 /* EnterUserDetailsViewController.swift */,
			);
			path = ViewController;
			sourceTree = "<group>";
		};
		44AA8FD61DEF08E400358068 /* ViewModel */ = {
			isa = PBXGroup;
			children = (
				44AA8FD71DEF08E400358068 /* LoginViewModel.swift */,
			);
			path = ViewModel;
			sourceTree = "<group>";
		};
		44ECDC591DDA4BED0067E71F /* AppIcon.appiconset */ = {
			isa = PBXGroup;
			children = (
				44ECDC5A1DDA4BED0067E71F /* Contents.json */,
				44ECDC5B1DDA4BED0067E71F /* Icon-App-20x20@1x.png */,
				44ECDC5C1DDA4BED0067E71F /* Icon-App-20x20@2x.png */,
				44ECDC5D1DDA4BED0067E71F /* Icon-App-20x20@3x.png */,
				44ECDC5E1DDA4BED0067E71F /* Icon-App-29x29@1x.png */,
				44ECDC5F1DDA4BED0067E71F /* Icon-App-29x29@2x.png */,
				44ECDC601DDA4BED0067E71F /* Icon-App-29x29@3x.png */,
				44ECDC611DDA4BED0067E71F /* Icon-App-40x40@1x.png */,
				44ECDC621DDA4BED0067E71F /* Icon-App-40x40@2x.png */,
				44ECDC631DDA4BED0067E71F /* Icon-App-40x40@3x.png */,
				44ECDC641DDA4BED0067E71F /* Icon-App-57x57@1x.png */,
				44ECDC651DDA4BED0067E71F /* Icon-App-57x57@2x.png */,
				44ECDC681DDA4BED0067E71F /* Icon-App-60x60@2x.png */,
				44ECDC691DDA4BED0067E71F /* Icon-App-60x60@3x.png */,
				44ECDC6A1DDA4BED0067E71F /* Icon-App-76x76@1x.png */,
				44ECDC6B1DDA4BED0067E71F /* Icon-App-76x76@2x.png */,
				44ECDC6D1DDA4BED0067E71F /* Icon-App-83.5x83.5@2x.png */,
			);
			name = AppIcon.appiconset;
			path = Assets.xcassets/AppIcon.appiconset;
			sourceTree = "<group>";
		};
/* End PBXGroup section */

/* Begin PBXNativeTarget section */
		445AC6331DD522BF00A20A2E /* OneMillionSteps */ = {
			isa = PBXNativeTarget;
			buildConfigurationList = 445AC6541DD522BF00A20A2E /* Build configuration list for PBXNativeTarget "OneMillionSteps" */;
			buildPhases = (
				CA787FD5A98B0473C5C51DFE /* [CP] Check Pods Manifest.lock */,
				445AC6301DD522BF00A20A2E /* Sources */,
				445AC6311DD522BF00A20A2E /* Frameworks */,
				445AC6321DD522BF00A20A2E /* Resources */,
				E7C651E7171CC04FB25FC0DF /* [CP] Embed Pods Frameworks */,
				F736AC9CF1DA35743D0D8B32 /* [CP] Copy Pods Resources */,
			);
			buildRules = (
			);
			dependencies = (
			);
			name = OneMillionSteps;
			productName = OneMillionSteps;
			productReference = 445AC6341DD522BF00A20A2E /* OneMillionSteps.app */;
			productType = "com.apple.product-type.application";
		};
		445AC64A1DD522BF00A20A2E /* OneMillionStepsTests */ = {
			isa = PBXNativeTarget;
			buildConfigurationList = 445AC6571DD522BF00A20A2E /* Build configuration list for PBXNativeTarget "OneMillionStepsTests" */;
			buildPhases = (
				445AC6471DD522BF00A20A2E /* Sources */,
				445AC6481DD522BF00A20A2E /* Frameworks */,
				445AC6491DD522BF00A20A2E /* Resources */,
			);
			buildRules = (
			);
			dependencies = (
				445AC64D1DD522BF00A20A2E /* PBXTargetDependency */,
			);
			name = OneMillionStepsTests;
			productName = OneMillionStepsTests;
			productReference = 445AC64B1DD522BF00A20A2E /* OneMillionStepsTests.xctest */;
			productType = "com.apple.product-type.bundle.unit-test";
		};
/* End PBXNativeTarget section */

/* Begin PBXProject section */
		445AC62C1DD522BF00A20A2E /* Project object */ = {
			isa = PBXProject;
			attributes = {
				LastSwiftUpdateCheck = 0810;
				LastUpgradeCheck = 0810;
				ORGANIZATIONNAME = "Rich Long";
				TargetAttributes = {
					445AC6331DD522BF00A20A2E = {
						CreatedOnToolsVersion = 8.1;
						DevelopmentTeam = D43YCHWY3Q;
						ProvisioningStyle = Manual;
					};
					445AC64A1DD522BF00A20A2E = {
						CreatedOnToolsVersion = 8.1;
						DevelopmentTeam = D43YCHWY3Q;
						ProvisioningStyle = Automatic;
						TestTargetID = 445AC6331DD522BF00A20A2E;
					};
				};
			};
			buildConfigurationList = 445AC62F1DD522BF00A20A2E /* Build configuration list for PBXProject "OneMillionSteps" */;
			compatibilityVersion = "Xcode 3.2";
			developmentRegion = English;
			hasScannedForEncodings = 0;
			knownRegions = (
				en,
				Base,
			);
			mainGroup = 445AC62B1DD522BF00A20A2E;
			productRefGroup = 445AC6351DD522BF00A20A2E /* Products */;
			projectDirPath = "";
			projectRoot = "";
			targets = (
				445AC6331DD522BF00A20A2E /* OneMillionSteps */,
				445AC64A1DD522BF00A20A2E /* OneMillionStepsTests */,
			);
		};
/* End PBXProject section */

/* Begin PBXResourcesBuildPhase section */
		445AC6321DD522BF00A20A2E /* Resources */ = {
			isa = PBXResourcesBuildPhase;
			buildActionMask = 2147483647;
			files = (
				44ECDC811DDA4BED0067E71F /* Icon-App-83.5x83.5@2x.png in Resources */,
				44ECDC7C1DDA4BED0067E71F /* Icon-App-60x60@2x.png in Resources */,
				44AA8FBB1DECC07F00358068 /* UserRegistration.storyboard in Resources */,
				445AC6451DD522BF00A20A2E /* LaunchScreen.storyboard in Resources */,
				445AC6421DD522BF00A20A2E /* Assets.xcassets in Resources */,
				44ECDC791DDA4BED0067E71F /* Icon-App-57x57@2x.png in Resources */,
				44ECDC771DDA4BED0067E71F /* Icon-App-40x40@3x.png in Resources */,
				44ECDC711DDA4BED0067E71F /* Icon-App-20x20@3x.png in Resources */,
				44ECDC7E1DDA4BED0067E71F /* Icon-App-76x76@1x.png in Resources */,
				44ECDC721DDA4BED0067E71F /* Icon-App-29x29@1x.png in Resources */,
				44ECDC7D1DDA4BED0067E71F /* Icon-App-60x60@3x.png in Resources */,
				44ECDC701DDA4BED0067E71F /* Icon-App-20x20@2x.png in Resources */,
				44ECDC751DDA4BED0067E71F /* Icon-App-40x40@1x.png in Resources */,
				44ECDC761DDA4BED0067E71F /* Icon-App-40x40@2x.png in Resources */,
				44ECDC741DDA4BED0067E71F /* Icon-App-29x29@3x.png in Resources */,
				445AC63D1DD522BF00A20A2E /* Main.storyboard in Resources */,
				44ECDC6F1DDA4BED0067E71F /* Icon-App-20x20@1x.png in Resources */,
				44ECDC7F1DDA4BED0067E71F /* Icon-App-76x76@2x.png in Resources */,
				44ECDC6E1DDA4BED0067E71F /* Contents.json in Resources */,
				44ECDC731DDA4BED0067E71F /* Icon-App-29x29@2x.png in Resources */,
				44ECDC781DDA4BED0067E71F /* Icon-App-57x57@1x.png in Resources */,
			);
			runOnlyForDeploymentPostprocessing = 0;
		};
		445AC6491DD522BF00A20A2E /* Resources */ = {
			isa = PBXResourcesBuildPhase;
			buildActionMask = 2147483647;
			files = (
			);
			runOnlyForDeploymentPostprocessing = 0;
		};
/* End PBXResourcesBuildPhase section */

/* Begin PBXShellScriptBuildPhase section */
		CA787FD5A98B0473C5C51DFE /* [CP] Check Pods Manifest.lock */ = {
			isa = PBXShellScriptBuildPhase;
			buildActionMask = 2147483647;
			files = (
			);
			inputPaths = (
			);
			name = "[CP] Check Pods Manifest.lock";
			outputPaths = (
			);
			runOnlyForDeploymentPostprocessing = 0;
			shellPath = /bin/sh;
			shellScript = "diff \"${PODS_ROOT}/../Podfile.lock\" \"${PODS_ROOT}/Manifest.lock\" > /dev/null\nif [ $? != 0 ] ; then\n    # print error to STDERR\n    echo \"error: The sandbox is not in sync with the Podfile.lock. Run 'pod install' or update your CocoaPods installation.\" >&2\n    exit 1\nfi\n";
			showEnvVarsInLog = 0;
		};
		E7C651E7171CC04FB25FC0DF /* [CP] Embed Pods Frameworks */ = {
			isa = PBXShellScriptBuildPhase;
			buildActionMask = 2147483647;
			files = (
			);
			inputPaths = (
			);
			name = "[CP] Embed Pods Frameworks";
			outputPaths = (
			);
			runOnlyForDeploymentPostprocessing = 0;
			shellPath = /bin/sh;
			shellScript = "\"${SRCROOT}/Pods/Target Support Files/Pods-OneMillionSteps/Pods-OneMillionSteps-frameworks.sh\"\n";
			showEnvVarsInLog = 0;
		};
		F736AC9CF1DA35743D0D8B32 /* [CP] Copy Pods Resources */ = {
			isa = PBXShellScriptBuildPhase;
			buildActionMask = 2147483647;
			files = (
			);
			inputPaths = (
			);
			name = "[CP] Copy Pods Resources";
			outputPaths = (
			);
			runOnlyForDeploymentPostprocessing = 0;
			shellPath = /bin/sh;
			shellScript = "\"${SRCROOT}/Pods/Target Support Files/Pods-OneMillionSteps/Pods-OneMillionSteps-resources.sh\"\n";
			showEnvVarsInLog = 0;
		};
/* End PBXShellScriptBuildPhase section */

/* Begin PBXSourcesBuildPhase section */
		445AC6301DD522BF00A20A2E /* Sources */ = {
			isa = PBXSourcesBuildPhase;
			buildActionMask = 2147483647;
			files = (
				44AA8FD21DEF08B100358068 /* LoginViewController.swift in Sources */,
				44AA8FD51DEF08CB00358068 /* EnterUserDetailsViewController.swift in Sources */,
				445AC6401DD522BF00A20A2E /* OneMillionSteps.xcdatamodeld in Sources */,
				44AA8FD31DEF08B100358068 /* PairDeviceViewController.swift in Sources */,
				44AA8FCC1DEF08A700358068 /* BluetoothManager.swift in Sources */,
				445AC6381DD522BF00A20A2E /* AppDelegate.swift in Sources */,
				44AA8FCE1DEF08A700358068 /* User.swift in Sources */,
				44AA8FCD1DEF08A700358068 /* Packet.swift in Sources */,
				44AA8FD81DEF08E400358068 /* LoginViewModel.swift in Sources */,
			);
			runOnlyForDeploymentPostprocessing = 0;
		};
		445AC6471DD522BF00A20A2E /* Sources */ = {
			isa = PBXSourcesBuildPhase;
			buildActionMask = 2147483647;
			files = (
				445AC6501DD522BF00A20A2E /* OneMillionStepsTests.swift in Sources */,
			);
			runOnlyForDeploymentPostprocessing = 0;
		};
/* End PBXSourcesBuildPhase section */

/* Begin PBXTargetDependency section */
		445AC64D1DD522BF00A20A2E /* PBXTargetDependency */ = {
			isa = PBXTargetDependency;
			target = 445AC6331DD522BF00A20A2E /* OneMillionSteps */;
			targetProxy = 445AC64C1DD522BF00A20A2E /* PBXContainerItemProxy */;
		};
/* End PBXTargetDependency section */

/* Begin PBXVariantGroup section */
		445AC63B1DD522BF00A20A2E /* Main.storyboard */ = {
			isa = PBXVariantGroup;
			children = (
				445AC63C1DD522BF00A20A2E /* Base */,
			);
			name = Main.storyboard;
			sourceTree = "<group>";
		};
		445AC6431DD522BF00A20A2E /* LaunchScreen.storyboard */ = {
			isa = PBXVariantGroup;
			children = (
				445AC6441DD522BF00A20A2E /* Base */,
			);
			name = LaunchScreen.storyboard;
			sourceTree = "<group>";
		};
		44AA8FB91DECC07F00358068 /* UserRegistration.storyboard */ = {
			isa = PBXVariantGroup;
			children = (
				44AA8FBA1DECC07F00358068 /* Base */,
			);
			name = UserRegistration.storyboard;
			sourceTree = "<group>";
		};
/* End PBXVariantGroup section */

/* Begin XCBuildConfiguration section */
		445AC6521DD522BF00A20A2E /* Debug */ = {
			isa = XCBuildConfiguration;
			buildSettings = {
				ALWAYS_SEARCH_USER_PATHS = NO;
				CLANG_ANALYZER_NONNULL = YES;
				CLANG_CXX_LANGUAGE_STANDARD = "gnu++0x";
				CLANG_CXX_LIBRARY = "libc++";
				CLANG_ENABLE_MODULES = YES;
				CLANG_ENABLE_OBJC_ARC = YES;
				CLANG_WARN_BOOL_CONVERSION = YES;
				CLANG_WARN_CONSTANT_CONVERSION = YES;
				CLANG_WARN_DIRECT_OBJC_ISA_USAGE = YES_ERROR;
				CLANG_WARN_DOCUMENTATION_COMMENTS = YES;
				CLANG_WARN_EMPTY_BODY = YES;
				CLANG_WARN_ENUM_CONVERSION = YES;
				CLANG_WARN_INFINITE_RECURSION = YES;
				CLANG_WARN_INT_CONVERSION = YES;
				CLANG_WARN_OBJC_ROOT_CLASS = YES_ERROR;
				CLANG_WARN_SUSPICIOUS_MOVES = YES;
				CLANG_WARN_UNREACHABLE_CODE = YES;
				CLANG_WARN__DUPLICATE_METHOD_MATCH = YES;
				"CODE_SIGN_IDENTITY[sdk=iphoneos*]" = "iPhone Developer";
				COPY_PHASE_STRIP = NO;
				DEBUG_INFORMATION_FORMAT = dwarf;
				ENABLE_STRICT_OBJC_MSGSEND = YES;
				ENABLE_TESTABILITY = YES;
				GCC_C_LANGUAGE_STANDARD = gnu99;
				GCC_DYNAMIC_NO_PIC = NO;
				GCC_NO_COMMON_BLOCKS = YES;
				GCC_OPTIMIZATION_LEVEL = 0;
				GCC_PREPROCESSOR_DEFINITIONS = (
					"DEBUG=1",
					"$(inherited)",
				);
				GCC_WARN_64_TO_32_BIT_CONVERSION = YES;
				GCC_WARN_ABOUT_RETURN_TYPE = YES_ERROR;
				GCC_WARN_UNDECLARED_SELECTOR = YES;
				GCC_WARN_UNINITIALIZED_AUTOS = YES_AGGRESSIVE;
				GCC_WARN_UNUSED_FUNCTION = YES;
				GCC_WARN_UNUSED_VARIABLE = YES;
				IPHONEOS_DEPLOYMENT_TARGET = 10.1;
				MTL_ENABLE_DEBUG_INFO = YES;
				ONLY_ACTIVE_ARCH = YES;
				SDKROOT = iphoneos;
				SWIFT_ACTIVE_COMPILATION_CONDITIONS = DEBUG;
				SWIFT_OPTIMIZATION_LEVEL = "-Onone";
			};
			name = Debug;
		};
		445AC6531DD522BF00A20A2E /* Release */ = {
			isa = XCBuildConfiguration;
			buildSettings = {
				ALWAYS_SEARCH_USER_PATHS = NO;
				CLANG_ANALYZER_NONNULL = YES;
				CLANG_CXX_LANGUAGE_STANDARD = "gnu++0x";
				CLANG_CXX_LIBRARY = "libc++";
				CLANG_ENABLE_MODULES = YES;
				CLANG_ENABLE_OBJC_ARC = YES;
				CLANG_WARN_BOOL_CONVERSION = YES;
				CLANG_WARN_CONSTANT_CONVERSION = YES;
				CLANG_WARN_DIRECT_OBJC_ISA_USAGE = YES_ERROR;
				CLANG_WARN_DOCUMENTATION_COMMENTS = YES;
				CLANG_WARN_EMPTY_BODY = YES;
				CLANG_WARN_ENUM_CONVERSION = YES;
				CLANG_WARN_INFINITE_RECURSION = YES;
				CLANG_WARN_INT_CONVERSION = YES;
				CLANG_WARN_OBJC_ROOT_CLASS = YES_ERROR;
				CLANG_WARN_SUSPICIOUS_MOVES = YES;
				CLANG_WARN_UNREACHABLE_CODE = YES;
				CLANG_WARN__DUPLICATE_METHOD_MATCH = YES;
				"CODE_SIGN_IDENTITY[sdk=iphoneos*]" = "iPhone Developer";
				COPY_PHASE_STRIP = NO;
				DEBUG_INFORMATION_FORMAT = "dwarf-with-dsym";
				ENABLE_NS_ASSERTIONS = NO;
				ENABLE_STRICT_OBJC_MSGSEND = YES;
				GCC_C_LANGUAGE_STANDARD = gnu99;
				GCC_NO_COMMON_BLOCKS = YES;
				GCC_WARN_64_TO_32_BIT_CONVERSION = YES;
				GCC_WARN_ABOUT_RETURN_TYPE = YES_ERROR;
				GCC_WARN_UNDECLARED_SELECTOR = YES;
				GCC_WARN_UNINITIALIZED_AUTOS = YES_AGGRESSIVE;
				GCC_WARN_UNUSED_FUNCTION = YES;
				GCC_WARN_UNUSED_VARIABLE = YES;
				IPHONEOS_DEPLOYMENT_TARGET = 10.1;
				MTL_ENABLE_DEBUG_INFO = NO;
				SDKROOT = iphoneos;
				SWIFT_OPTIMIZATION_LEVEL = "-Owholemodule";
				VALIDATE_PRODUCT = YES;
			};
			name = Release;
		};
		445AC6551DD522BF00A20A2E /* Debug */ = {
			isa = XCBuildConfiguration;
			baseConfigurationReference = 4862AFC784B0656AC37A9E97 /* Pods-OneMillionSteps.debug.xcconfig */;
			buildSettings = {
				ASSETCATALOG_COMPILER_APPICON_NAME = AppIcon;
				"CODE_SIGN_IDENTITY[sdk=iphoneos*]" = "iPhone Developer";
				CURRENT_PROJECT_VERSION = 6;
				DEVELOPMENT_TEAM = D43YCHWY3Q;
				INFOPLIST_FILE = OneMillionSteps/Info.plist;
				LD_RUNPATH_SEARCH_PATHS = "$(inherited) @executable_path/Frameworks";
				PRODUCT_BUNDLE_IDENTIFIER = com.millionsteps.OneMillionSteps;
				PRODUCT_NAME = "$(TARGET_NAME)";
				PROVISIONING_PROFILE = "8057f6b9-aeac-4c28-95e2-83e3584de147";
				PROVISIONING_PROFILE_SPECIFIER = "com.millionsteps.OneMillionSteps Development";
				SWIFT_VERSION = 3.0;
				VERSIONING_SYSTEM = "apple-generic";
			};
			name = Debug;
		};
		445AC6561DD522BF00A20A2E /* Release */ = {
			isa = XCBuildConfiguration;
			baseConfigurationReference = D319DDFFB4385D3FD72CDCE4 /* Pods-OneMillionSteps.release.xcconfig */;
			buildSettings = {
				ASSETCATALOG_COMPILER_APPICON_NAME = AppIcon;
				"CODE_SIGN_IDENTITY[sdk=iphoneos*]" = "iPhone Distribution";
				CURRENT_PROJECT_VERSION = 6;
				DEVELOPMENT_TEAM = D43YCHWY3Q;
				INFOPLIST_FILE = OneMillionSteps/Info.plist;
				LD_RUNPATH_SEARCH_PATHS = "$(inherited) @executable_path/Frameworks";
				PRODUCT_BUNDLE_IDENTIFIER = com.millionsteps.OneMillionSteps;
				PRODUCT_NAME = "$(TARGET_NAME)";
				PROVISIONING_PROFILE = "8bd45cf3-0956-4fb1-bada-6f7509a698b7";
				PROVISIONING_PROFILE_SPECIFIER = "com.millionsteps.OneMillionSteps AppStore";
				SWIFT_VERSION = 3.0;
				VERSIONING_SYSTEM = "apple-generic";
			};
			name = Release;
		};
		445AC6581DD522BF00A20A2E /* Debug */ = {
			isa = XCBuildConfiguration;
			buildSettings = {
				ALWAYS_EMBED_SWIFT_STANDARD_LIBRARIES = YES;
				BUNDLE_LOADER = "$(TEST_HOST)";
				DEVELOPMENT_TEAM = D43YCHWY3Q;
				INFOPLIST_FILE = OneMillionStepsTests/Info.plist;
				LD_RUNPATH_SEARCH_PATHS = "$(inherited) @executable_path/Frameworks @loader_path/Frameworks";
				PRODUCT_BUNDLE_IDENTIFIER = com.millionsteps.OneMillionStepsTests;
				PRODUCT_NAME = "$(TARGET_NAME)";
				SWIFT_VERSION = 3.0;
				TEST_HOST = "$(BUILT_PRODUCTS_DIR)/OneMillionSteps.app/OneMillionSteps";
			};
			name = Debug;
		};
		445AC6591DD522BF00A20A2E /* Release */ = {
			isa = XCBuildConfiguration;
			buildSettings = {
				ALWAYS_EMBED_SWIFT_STANDARD_LIBRARIES = YES;
				BUNDLE_LOADER = "$(TEST_HOST)";
				DEVELOPMENT_TEAM = D43YCHWY3Q;
				INFOPLIST_FILE = OneMillionStepsTests/Info.plist;
				LD_RUNPATH_SEARCH_PATHS = "$(inherited) @executable_path/Frameworks @loader_path/Frameworks";
				PRODUCT_BUNDLE_IDENTIFIER = com.millionsteps.OneMillionStepsTests;
				PRODUCT_NAME = "$(TARGET_NAME)";
				SWIFT_VERSION = 3.0;
				TEST_HOST = "$(BUILT_PRODUCTS_DIR)/OneMillionSteps.app/OneMillionSteps";
			};
			name = Release;
		};
/* End XCBuildConfiguration section */

/* Begin XCConfigurationList section */
		445AC62F1DD522BF00A20A2E /* Build configuration list for PBXProject "OneMillionSteps" */ = {
			isa = XCConfigurationList;
			buildConfigurations = (
				445AC6521DD522BF00A20A2E /* Debug */,
				445AC6531DD522BF00A20A2E /* Release */,
			);
			defaultConfigurationIsVisible = 0;
			defaultConfigurationName = Release;
		};
		445AC6541DD522BF00A20A2E /* Build configuration list for PBXNativeTarget "OneMillionSteps" */ = {
			isa = XCConfigurationList;
			buildConfigurations = (
				445AC6551DD522BF00A20A2E /* Debug */,
				445AC6561DD522BF00A20A2E /* Release */,
			);
			defaultConfigurationIsVisible = 0;
			defaultConfigurationName = Release;
		};
		445AC6571DD522BF00A20A2E /* Build configuration list for PBXNativeTarget "OneMillionStepsTests" */ = {
			isa = XCConfigurationList;
			buildConfigurations = (
				445AC6581DD522BF00A20A2E /* Debug */,
				445AC6591DD522BF00A20A2E /* Release */,
			);
			defaultConfigurationIsVisible = 0;
			defaultConfigurationName = Release;
		};
/* End XCConfigurationList section */

/* Begin XCVersionGroup section */
		445AC63E1DD522BF00A20A2E /* OneMillionSteps.xcdatamodeld */ = {
			isa = XCVersionGroup;
			children = (
				445AC63F1DD522BF00A20A2E /* OneMillionSteps.xcdatamodel */,
			);
			currentVersion = 445AC63F1DD522BF00A20A2E /* OneMillionSteps.xcdatamodel */;
			path = OneMillionSteps.xcdatamodeld;
			sourceTree = "<group>";
			versionGroupType = wrapper.xcdatamodel;
		};
/* End XCVersionGroup section */
	};
	rootObject = 445AC62C1DD522BF00A20A2E /* Project object */;
}
